
Microsoft Visual Studio Solution File, Format Version 12.00
# Visual Studio Version 17
VisualStudioVersion = 17.3.32929.385
MinimumVisualStudioVersion = 10.0.40219.1
Project("{8BC9CEB8-8B4A-11D0-8D11-00A0C91BC942}") = "Laba4 interg", "Laba4 interg.vcxproj", "{2C7303D4-A840-4955-9D78-BA131F8F0A90}"
EndProject
Global
	GlobalSection(SolutionConfigurationPlatforms) = preSolution
		Debug|x64 = Debug|x64
		Debug|x86 = Debug|x86
		Release|x64 = Release|x64
		Release|x86 = Release|x86
	EndGlobalSection
	GlobalSection(ProjectConfigurationPlatforms) = postSolution
		{2C7303D4-A840-4955-9D78-BA131F8F0A90}.Debug|x64.ActiveCfg = Debug|x64
		{2C7303D4-A840-4955-9D78-BA131F8F0A90}.Debug|x64.Build.0 = Debug|x64
		{2C7303D4-A840-4955-9D78-BA131F8F0A90}.Debug|x86.ActiveCfg = Debug|Win32
		{2C7303D4-A840-4955-9D78-BA131F8F0A90}.Debug|x86.Build.0 = Debug|Win32
		{2C7303D4-A840-4955-9D78-BA131F8F0A90}.Release|x64.ActiveCfg = Release|x64
		{2C7303D4-A840-4955-9D78-BA131F8F0A90}.Release|x64.Build.0 = Release|x64
		{2C7303D4-A840-4955-9D78-BA131F8F0A90}.Release|x86.ActiveCfg = Release|Win32
		{2C7303D4-A840-4955-9D78-BA131F8F0A90}.Release|x86.Build.0 = Release|Win32
	EndGlobalSection
	GlobalSection(SolutionProperties) = preSolution
		HideSolutionNode = FALSE
	EndGlobalSection
	GlobalSection(ExtensibilityGlobals) = postSolution
		SolutionGuid = {7953E7D0-A2D4-4405-A3D3-9CD58C114602}
	EndGlobalSection
EndGlobal
